// !$*UTF8*$!
{
	archiveVersion = 1;
	classes = {
	};
	objectVersion = 46;
	objects = {

/* Begin PBXBuildFile section */
		20920E831BFEC2FA00645C40 /* AppDelegate.swift in Sources */ = {isa = PBXBuildFile; fileRef = 20920E821BFEC2FA00645C40 /* AppDelegate.swift */; };
		20920E851BFEC2FA00645C40 /* ViewController.swift in Sources */ = {isa = PBXBuildFile; fileRef = 20920E841BFEC2FA00645C40 /* ViewController.swift */; };
		20920E881BFEC2FA00645C40 /* Main.storyboard in Resources */ = {isa = PBXBuildFile; fileRef = 20920E861BFEC2FA00645C40 /* Main.storyboard */; };
		20920E8A1BFEC2FA00645C40 /* Assets.xcassets in Resources */ = {isa = PBXBuildFile; fileRef = 20920E891BFEC2FA00645C40 /* Assets.xcassets */; };
		20920E8D1BFEC2FA00645C40 /* LaunchScreen.storyboard in Resources */ = {isa = PBXBuildFile; fileRef = 20920E8B1BFEC2FA00645C40 /* LaunchScreen.storyboard */; };
		20920E981BFEC2FA00645C40 /* Super_CoolTests.swift in Sources */ = {isa = PBXBuildFile; fileRef = 20920E971BFEC2FA00645C40 /* Super_CoolTests.swift */; };
		20920EA31BFEC2FB00645C40 /* Super_CoolUITests.swift in Sources */ = {isa = PBXBuildFile; fileRef = 20920EA21BFEC2FB00645C40 /* Super_CoolUITests.swift */; };
/* End PBXBuildFile section */

/* Begin PBXContainerItemProxy section */
		20920E941BFEC2FA00645C40 /* PBXContainerItemProxy */ = {
			isa = PBXContainerItemProxy;
			containerPortal = 20920E771BFEC2FA00645C40 /* Project object */;
			proxyType = 1;
			remoteGlobalIDString = 20920E7E1BFEC2FA00645C40;
			remoteInfo = "Super Cool";
		};
		20920E9F1BFEC2FA00645C40 /* PBXContainerItemProxy */ = {
			isa = PBXContainerItemProxy;
			containerPortal = 20920E771BFEC2FA00645C40 /* Project object */;
			proxyType = 1;
			remoteGlobalIDString = 20920E7E1BFEC2FA00645C40;
			remoteInfo = "Super Cool";
		};
/* End PBXContainerItemProxy section */

/* Begin PBXFileReference section */
		20920E7F1BFEC2FA00645C40 /* Super Cool.app */ = {isa = PBXFileReference; explicitFileType = wrapper.application; includeInIndex = 0; path = "Super Cool.app"; sourceTree = BUILT_PRODUCTS_DIR; };
		20920E821BFEC2FA00645C40 /* AppDelegate.swift */ = {isa = PBXFileReference; lastKnownFileType = sourcecode.swift; path = AppDelegate.swift; sourceTree = "<group>"; };
		20920E841BFEC2FA00645C40 /* ViewController.swift */ = {isa = PBXFileReference; lastKnownFileType = sourcecode.swift; path = ViewController.swift; sourceTree = "<group>"; };
		20920E871BFEC2FA00645C40 /* Base */ = {isa = PBXFileReference; lastKnownFileType = file.storyboard; name = Base; path = Base.lproj/Main.storyboard; sourceTree = "<group>"; };
		20920E891BFEC2FA00645C40 /* Assets.xcassets */ = {isa = PBXFileReference; lastKnownFileType = folder.assetcatalog; path = Assets.xcassets; sourceTree = "<group>"; };
		20920E8C1BFEC2FA00645C40 /* Base */ = {isa = PBXFileReference; lastKnownFileType = file.storyboard; name = Base; path = Base.lproj/LaunchScreen.storyboard; sourceTree = "<group>"; };
		20920E8E1BFEC2FA00645C40 /* Info.plist */ = {isa = PBXFileReference; lastKnownFileType = text.plist.xml; path = Info.plist; sourceTree = "<group>"; };
		20920E931BFEC2FA00645C40 /* Super CoolTests.xctest */ = {isa = PBXFileReference; explicitFileType = wrapper.cfbundle; includeInIndex = 0; path = "Super CoolTests.xctest"; sourceTree = BUILT_PRODUCTS_DIR; };
		20920E971BFEC2FA00645C40 /* Super_CoolTests.swift */ = {isa = PBXFileReference; lastKnownFileType = sourcecode.swift; path = Super_CoolTests.swift; sourceTree = "<group>"; };
		20920E991BFEC2FA00645C40 /* Info.plist */ = {isa = PBXFileReference; lastKnownFileType = text.plist.xml; path = Info.plist; sourceTree = "<group>"; };
		20920E9E1BFEC2FA00645C40 /* Super CoolUITests.xctest */ = {isa = PBXFileReference; explicitFileType = wrapper.cfbundle; includeInIndex = 0; path = "Super CoolUITests.xctest"; sourceTree = BUILT_PRODUCTS_DIR; };
		20920EA21BFEC2FB00645C40 /* Super_CoolUITests.swift */ = {isa = PBXFileReference; lastKnownFileType = sourcecode.swift; path = Super_CoolUITests.swift; sourceTree = "<group>"; };
		20920EA41BFEC2FB00645C40 /* Info.plist */ = {isa = PBXFileReference; lastKnownFileType = text.plist.xml; path = Info.plist; sourceTree = "<group>"; };
/* End PBXFileReference section */

/* Begin PBXFrameworksBuildPhase section */
		20920E7C1BFEC2FA00645C40 /* Frameworks */ = {
			isa = PBXFrameworksBuildPhase;
			buildActionMask = 2147483647;
			files = (
			);
			runOnlyForDeploymentPostprocessing = 0;
		};
		20920E901BFEC2FA00645C40 /* Frameworks */ = {
			isa = PBXFrameworksBuildPhase;
			buildActionMask = 2147483647;
			files = (
			);
			runOnlyForDeploymentPostprocessing = 0;
		};
		20920E9B1BFEC2FA00645C40 /* Frameworks */ = {
			isa = PBXFrameworksBuildPhase;
			buildActionMask = 2147483647;
			files = (
			);
			runOnlyForDeploymentPostprocessing = 0;
		};
/* End PBXFrameworksBuildPhase section */

/* Begin PBXGroup section */
		20920E761BFEC2FA00645C40 = {
			isa = PBXGroup;
			children = (
				20920E811BFEC2FA00645C40 /* Super Cool */,
				20920E961BFEC2FA00645C40 /* Super CoolTests */,
				20920EA11BFEC2FA00645C40 /* Super CoolUITests */,
				20920E801BFEC2FA00645C40 /* Products */,
			);
			sourceTree = "<group>";
		};
		20920E801BFEC2FA00645C40 /* Products */ = {
			isa = PBXGroup;
			children = (
				20920E7F1BFEC2FA00645C40 /* Super Cool.app */,
				20920E931BFEC2FA00645C40 /* Super CoolTests.xctest */,
				20920E9E1BFEC2FA00645C40 /* Super CoolUITests.xctest */,
			);
			name = Products;
			sourceTree = "<group>";
		};
		20920E811BFEC2FA00645C40 /* Super Cool */ = {
			isa = PBXGroup;
			children = (
				20920E821BFEC2FA00645C40 /* AppDelegate.swift */,
				20920E841BFEC2FA00645C40 /* ViewController.swift */,
				20920E861BFEC2FA00645C40 /* Main.storyboard */,
				20920E891BFEC2FA00645C40 /* Assets.xcassets */,
				20920E8B1BFEC2FA00645C40 /* LaunchScreen.storyboard */,
				20920E8E1BFEC2FA00645C40 /* Info.plist */,
			);
			path = "Super Cool";
			sourceTree = "<group>";
		};
		20920E961BFEC2FA00645C40 /* Super CoolTests */ = {
			isa = PBXGroup;
			children = (
				20920E971BFEC2FA00645C40 /* Super_CoolTests.swift */,
				20920E991BFEC2FA00645C40 /* Info.plist */,
			);
			path = "Super CoolTests";
			sourceTree = "<group>";
		};
		20920EA11BFEC2FA00645C40 /* Super CoolUITests */ = {
			isa = PBXGroup;
			children = (
				20920EA21BFEC2FB00645C40 /* Super_CoolUITests.swift */,
				20920EA41BFEC2FB00645C40 /* Info.plist */,
			);
			path = "Super CoolUITests";
			sourceTree = "<group>";
		};
/* End PBXGroup section */

/* Begin PBXNativeTarget section */
		20920E7E1BFEC2FA00645C40 /* Super Cool */ = {
			isa = PBXNativeTarget;
			buildConfigurationList = 20920EA71BFEC2FB00645C40 /* Build configuration list for PBXNativeTarget "Super Cool" */;
			buildPhases = (
				20920E7B1BFEC2FA00645C40 /* Sources */,
				20920E7C1BFEC2FA00645C40 /* Frameworks */,
				20920E7D1BFEC2FA00645C40 /* Resources */,
			);
			buildRules = (
			);
			dependencies = (
			);
			name = "Super Cool";
			productName = "Super Cool";
			productReference = 20920E7F1BFEC2FA00645C40 /* Super Cool.app */;
			productType = "com.apple.product-type.application";
		};
		20920E921BFEC2FA00645C40 /* Super CoolTests */ = {
			isa = PBXNativeTarget;
			buildConfigurationList = 20920EAA1BFEC2FB00645C40 /* Build configuration list for PBXNativeTarget "Super CoolTests" */;
			buildPhases = (
				20920E8F1BFEC2FA00645C40 /* Sources */,
				20920E901BFEC2FA00645C40 /* Frameworks */,
				20920E911BFEC2FA00645C40 /* Resources */,
			);
			buildRules = (
			);
			dependencies = (
				20920E951BFEC2FA00645C40 /* PBXTargetDependency */,
			);
			name = "Super CoolTests";
			productName = "Super CoolTests";
			productReference = 20920E931BFEC2FA00645C40 /* Super CoolTests.xctest */;
			productType = "com.apple.product-type.bundle.unit-test";
		};
		20920E9D1BFEC2FA00645C40 /* Super CoolUITests */ = {
			isa = PBXNativeTarget;
			buildConfigurationList = 20920EAD1BFEC2FB00645C40 /* Build configuration list for PBXNativeTarget "Super CoolUITests" */;
			buildPhases = (
				20920E9A1BFEC2FA00645C40 /* Sources */,
				20920E9B1BFEC2FA00645C40 /* Frameworks */,
				20920E9C1BFEC2FA00645C40 /* Resources */,
			);
			buildRules = (
			);
			dependencies = (
				20920EA01BFEC2FA00645C40 /* PBXTargetDependency */,
			);
			name = "Super CoolUITests";
			productName = "Super CoolUITests";
			productReference = 20920E9E1BFEC2FA00645C40 /* Super CoolUITests.xctest */;
			productType = "com.apple.product-type.bundle.ui-testing";
		};
/* End PBXNativeTarget section */

/* Begin PBXProject section */
		20920E771BFEC2FA00645C40 /* Project object */ = {
			isa = PBXProject;
			attributes = {
				LastSwiftUpdateCheck = 0710;
				LastUpgradeCheck = 0710;
				ORGANIZATIONNAME = "Jake Simon";
				TargetAttributes = {
					20920E7E1BFEC2FA00645C40 = {
						CreatedOnToolsVersion = 7.1.1;
					};
					20920E921BFEC2FA00645C40 = {
						CreatedOnToolsVersion = 7.1.1;
						TestTargetID = 20920E7E1BFEC2FA00645C40;
					};
					20920E9D1BFEC2FA00645C40 = {
						CreatedOnToolsVersion = 7.1.1;
						TestTargetID = 20920E7E1BFEC2FA00645C40;
					};
				};
			};
			buildConfigurationList = 20920E7A1BFEC2FA00645C40 /* Build configuration list for PBXProject "Super Cool" */;
			compatibilityVersion = "Xcode 3.2";
			developmentRegion = English;
			hasScannedForEncodings = 0;
			knownRegions = (
				en,
				Base,
			);
			mainGroup = 20920E761BFEC2FA00645C40;
			productRefGroup = 20920E801BFEC2FA00645C40 /* Products */;
			projectDirPath = "";
			projectRoot = "";
			targets = (
				20920E7E1BFEC2FA00645C40 /* Super Cool */,
				20920E921BFEC2FA00645C40 /* Super CoolTests */,
				20920E9D1BFEC2FA00645C40 /* Super CoolUITests */,
			);
		};
/* End PBXProject section */

/* Begin PBXResourcesBuildPhase section */
		20920E7D1BFEC2FA00645C40 /* Resources */ = {
			isa = PBXResourcesBuildPhase;
			buildActionMask = 2147483647;
			files = (
				20920E8D1BFEC2FA00645C40 /* LaunchScreen.storyboard in Resources */,
				20920E8A1BFEC2FA00645C40 /* Assets.xcassets in Resources */,
				20920E881BFEC2FA00645C40 /* Main.storyboard in Resources */,
			);
			runOnlyForDeploymentPostprocessing = 0;
		};
		20920E911BFEC2FA00645C40 /* Resources */ = {
			isa = PBXResourcesBuildPhase;
			buildActionMask = 2147483647;
			files = (
			);
			runOnlyForDeploymentPostprocessing = 0;
		};
		20920E9C1BFEC2FA00645C40 /* Resources */ = {
			isa = PBXResourcesBuildPhase;
			buildActionMask = 2147483647;
			files = (
			);
			runOnlyForDeploymentPostprocessing = 0;
		};
/* End PBXResourcesBuildPhase section */

/* Begin PBXSourcesBuildPhase section */
		20920E7B1BFEC2FA00645C40 /* Sources */ = {
			isa = PBXSourcesBuildPhase;
			buildActionMask = 2147483647;
			files = (
				20920E851BFEC2FA00645C40 /* ViewController.swift in Sources */,
				20920E831BFEC2FA00645C40 /* AppDelegate.swift in Sources */,
			);
			runOnlyForDeploymentPostprocessing = 0;
		};
		20920E8F1BFEC2FA00645C40 /* Sources */ = {
			isa = PBXSourcesBuildPhase;
			buildActionMask = 2147483647;
			files = (
				20920E981BFEC2FA00645C40 /* Super_CoolTests.swift in Sources */,
			);
			runOnlyForDeploymentPostprocessing = 0;
		};
		20920E9A1BFEC2FA00645C40 /* Sources */ = {
			isa = PBXSourcesBuildPhase;
			buildActionMask = 2147483647;
			files = (
				20920EA31BFEC2FB00645C40 /* Super_CoolUITests.swift in Sources */,
			);
			runOnlyForDeploymentPostprocessing = 0;
		};
/* End PBXSourcesBuildPhase section */

/* Begin PBXTargetDependency section */
		20920E951BFEC2FA00645C40 /* PBXTargetDependency */ = {
			isa = PBXTargetDependency;
			target = 20920E7E1BFEC2FA00645C40 /* Super Cool */;
			targetProxy = 20920E941BFEC2FA00645C40 /* PBXContainerItemProxy */;
		};
		20920EA01BFEC2FA00645C40 /* PBXTargetDependency */ = {
			isa = PBXTargetDependency;
			target = 20920E7E1BFEC2FA00645C40 /* Super Cool */;
			targetProxy = 20920E9F1BFEC2FA00645C40 /* PBXContainerItemProxy */;
		};
/* End PBXTargetDependency section */

/* Begin PBXVariantGroup section */
		20920E861BFEC2FA00645C40 /* Main.storyboard */ = {
			isa = PBXVariantGroup;
			children = (
				20920E871BFEC2FA00645C40 /* Base */,
			);
			name = Main.storyboard;
			sourceTree = "<group>";
		};
		20920E8B1BFEC2FA00645C40 /* LaunchScreen.storyboard */ = {
			isa = PBXVariantGroup;
			children = (
				20920E8C1BFEC2FA00645C40 /* Base */,
			);
			name = LaunchScreen.storyboard;
			sourceTree = "<group>";
		};
/* End PBXVariantGroup section */

/* Begin XCBuildConfiguration section */
		20920EA51BFEC2FB00645C40 /* Debug */ = {
			isa = XCBuildConfiguration;
			buildSettings = {
				ALWAYS_SEARCH_USER_PATHS = NO;
				CLANG_CXX_LANGUAGE_STANDARD = "gnu++0x";
				CLANG_CXX_LIBRARY = "libc++";
				CLANG_ENABLE_MODULES = YES;
				CLANG_ENABLE_OBJC_ARC = YES;
				CLANG_WARN_BOOL_CONVERSION = YES;
				CLANG_WARN_CONSTANT_CONVERSION = YES;
				CLANG_WARN_DIRECT_OBJC_ISA_USAGE = YES_ERROR;
				CLANG_WARN_EMPTY_BODY = YES;
				CLANG_WARN_ENUM_CONVERSION = YES;
				CLANG_WARN_INT_CONVERSION = YES;
				CLANG_WARN_OBJC_ROOT_CLASS = YES_ERROR;
				CLANG_WARN_UNREACHABLE_CODE = YES;
				CLANG_WARN__DUPLICATE_METHOD_MATCH = YES;
				"CODE_SIGN_IDENTITY[sdk=iphoneos*]" = "iPhone Developer";
				COPY_PHASE_STRIP = NO;
				DEBUG_INFORMATION_FORMAT = dwarf;
				ENABLE_STRICT_OBJC_MSGSEND = YES;
				ENABLE_TESTABILITY = YES;
				GCC_C_LANGUAGE_STANDARD = gnu99;
				GCC_DYNAMIC_NO_PIC = NO;
				GCC_NO_COMMON_BLOCKS = YES;
				GCC_OPTIMIZATION_LEVEL = 0;
				GCC_PREPROCESSOR_DEFINITIONS = (
					"DEBUG=1",
					"$(inherited)",
				);
				GCC_WARN_64_TO_32_BIT_CONVERSION = YES;
				GCC_WARN_ABOUT_RETURN_TYPE = YES_ERROR;
				GCC_WARN_UNDECLARED_SELECTOR = YES;
				GCC_WARN_UNINITIALIZED_AUTOS = YES_AGGRESSIVE;
				GCC_WARN_UNUSED_FUNCTION = YES;
				GCC_WARN_UNUSED_VARIABLE = YES;
				IPHONEOS_DEPLOYMENT_TARGET = 9.1;
				MTL_ENABLE_DEBUG_INFO = YES;
				ONLY_ACTIVE_ARCH = YES;
				SDKROOT = iphoneos;
				SWIFT_OPTIMIZATION_LEVEL = "-Onone";
			};
			name = Debug;
		};
		20920EA61BFEC2FB00645C40 /* Release */ = {
			isa = XCBuildConfiguration;
			buildSettings = {
				ALWAYS_SEARCH_USER_PATHS = NO;
				CLANG_CXX_LANGUAGE_STANDARD = "gnu++0x";
				CLANG_CXX_LIBRARY = "libc++";
				CLANG_ENABLE_MODULES = YES;
				CLANG_ENABLE_OBJC_ARC = YES;
				CLANG_WARN_BOOL_CONVERSION = YES;
				CLANG_WARN_CONSTANT_CONVERSION = YES;
				CLANG_WARN_DIRECT_OBJC_ISA_USAGE = YES_ERROR;
				CLANG_WARN_EMPTY_BODY = YES;
				CLANG_WARN_ENUM_CONVERSION = YES;
				CLANG_WARN_INT_CONVERSION = YES;
				CLANG_WARN_OBJC_ROOT_CLASS = YES_ERROR;
				CLANG_WARN_UNREACHABLE_CODE = YES;
				CLANG_WARN__DUPLICATE_METHOD_MATCH = YES;
				"CODE_SIGN_IDENTITY[sdk=iphoneos*]" = "iPhone Developer";
				COPY_PHASE_STRIP = NO;
				DEBUG_INFORMATION_FORMAT = "dwarf-with-dsym";
				ENABLE_NS_ASSERTIONS = NO;
				ENABLE_STRICT_OBJC_MSGSEND = YES;
				GCC_C_LANGUAGE_STANDARD = gnu99;
				GCC_NO_COMMON_BLOCKS = YES;
				GCC_WARN_64_TO_32_BIT_CONVERSION = YES;
				GCC_WARN_ABOUT_RETURN_TYPE = YES_ERROR;
				GCC_WARN_UNDECLARED_SELECTOR = YES;
				GCC_WARN_UNINITIALIZED_AUTOS = YES_AGGRESSIVE;
				GCC_WARN_UNUSED_FUNCTION = YES;
				GCC_WARN_UNUSED_VARIABLE = YES;
				IPHONEOS_DEPLOYMENT_TARGET = 9.1;
				MTL_ENABLE_DEBUG_INFO = NO;
				SDKROOT = iphoneos;
				VALIDATE_PRODUCT = YES;
			};
			name = Release;
		};
		20920EA81BFEC2FB00645C40 /* Debug */ = {
			isa = XCBuildConfiguration;
			buildSettings = {
				ASSETCATALOG_COMPILER_APPICON_NAME = AppIcon;
				INFOPLIST_FILE = "Super Cool/Info.plist";
				LD_RUNPATH_SEARCH_PATHS = "$(inherited) @executable_path/Frameworks";
				PRODUCT_BUNDLE_IDENTIFIER = "com.jksimonventures.Super-Cool";
				PRODUCT_NAME = "$(TARGET_NAME)";
			};
			name = Debug;
		};
		20920EA91BFEC2FB00645C40 /* Release */ = {
			isa = XCBuildConfiguration;
			buildSettings = {
				ASSETCATALOG_COMPILER_APPICON_NAME = AppIcon;
				INFOPLIST_FILE = "Super Cool/Info.plist";
				LD_RUNPATH_SEARCH_PATHS = "$(inherited) @executable_path/Frameworks";
				PRODUCT_BUNDLE_IDENTIFIER = "com.jksimonventures.Super-Cool";
				PRODUCT_NAME = "$(TARGET_NAME)";
			};
			name = Release;
		};
		20920EAB1BFEC2FB00645C40 /* Debug */ = {
			isa = XCBuildConfiguration;
			buildSettings = {
				BUNDLE_LOADER = "$(TEST_HOST)";
				INFOPLIST_FILE = "Super CoolTests/Info.plist";
				LD_RUNPATH_SEARCH_PATHS = "$(inherited) @executable_path/Frameworks @loader_path/Frameworks";
				PRODUCT_BUNDLE_IDENTIFIER = "com.jksimonventures.Super-CoolTests";
				PRODUCT_NAME = "$(TARGET_NAME)";
				TEST_HOST = "$(BUILT_PRODUCTS_DIR)/Super Cool.app/Super Cool";
			};
			name = Debug;
		};
		20920EAC1BFEC2FB00645C40 /* Release */ = {
			isa = XCBuildConfiguration;
			buildSettings = {
				BUNDLE_LOADER = "$(TEST_HOST)";
				INFOPLIST_FILE = "Super CoolTests/Info.plist";
				LD_RUNPATH_SEARCH_PATHS = "$(inherited) @executable_path/Frameworks @loader_path/Frameworks";
				PRODUCT_BUNDLE_IDENTIFIER = "com.jksimonventures.Super-CoolTests";
				PRODUCT_NAME = "$(TARGET_NAME)";
				TEST_HOST = "$(BUILT_PRODUCTS_DIR)/Super Cool.app/Super Cool";
			};
			name = Release;
		};
		20920EAE1BFEC2FB00645C40 /* Debug */ = {
			isa = XCBuildConfiguration;
			buildSettings = {
				INFOPLIST_FILE = "Super CoolUITests/Info.plist";
				LD_RUNPATH_SEARCH_PATHS = "$(inherited) @executable_path/Frameworks @loader_path/Frameworks";
				PRODUCT_BUNDLE_IDENTIFIER = "com.jksimonventures.Super-CoolUITests";
				PRODUCT_NAME = "$(TARGET_NAME)";
				TEST_TARGET_NAME = "Super Cool";
				USES_XCTRUNNER = YES;
			};
			name = Debug;
		};
		20920EAF1BFEC2FB00645C40 /* Release */ = {
			isa = XCBuildConfiguration;
			buildSettings = {
				INFOPLIST_FILE = "Super CoolUITests/Info.plist";
				LD_RUNPATH_SEARCH_PATHS = "$(inherited) @executable_path/Frameworks @loader_path/Frameworks";
				PRODUCT_BUNDLE_IDENTIFIER = "com.jksimonventures.Super-CoolUITests";
				PRODUCT_NAME = "$(TARGET_NAME)";
				TEST_TARGET_NAME = "Super Cool";
				USES_XCTRUNNER = YES;
			};
			name = Release;
		};
/* End XCBuildConfiguration section */

/* Begin XCConfigurationList section */
		20920E7A1BFEC2FA00645C40 /* Build configuration list for PBXProject "Super Cool" */ = {
			isa = XCConfigurationList;
			buildConfigurations = (
				20920EA51BFEC2FB00645C40 /* Debug */,
				20920EA61BFEC2FB00645C40 /* Release */,
			);
			defaultConfigurationIsVisible = 0;
			defaultConfigurationName = Release;
		};
		20920EA71BFEC2FB00645C40 /* Build configuration list for PBXNativeTarget "Super Cool" */ = {
			isa = XCConfigurationList;
			buildConfigurations = (
				20920EA81BFEC2FB00645C40 /* Debug */,
				20920EA91BFEC2FB00645C40 /* Release */,
			);
			defaultConfigurationIsVisible = 0;
		};
		20920EAA1BFEC2FB00645C40 /* Build configuration list for PBXNativeTarget "Super CoolTests" */ = {
			isa = XCConfigurationList;
			buildConfigurations = (
				20920EAB1BFEC2FB00645C40 /* Debug */,
				20920EAC1BFEC2FB00645C40 /* Release */,
			);
			defaultConfigurationIsVisible = 0;
		};
		20920EAD1BFEC2FB00645C40 /* Build configuration list for PBXNativeTarget "Super CoolUITests" */ = {
			isa = XCConfigurationList;
			buildConfigurations = (
				20920EAE1BFEC2FB00645C40 /* Debug */,
				20920EAF1BFEC2FB00645C40 /* Release */,
			);
			defaultConfigurationIsVisible = 0;
		};
/* End XCConfigurationList section */
	};
	rootObject = 20920E771BFEC2FA00645C40 /* Project object */;
}
